
Microsoft Visual Studio Solution File, Format Version 12.00
# Visual Studio Version 16
VisualStudioVersion = 16.0.30804.86
MinimumVisualStudioVersion = 10.0.40219.1
Project("{FAE04EC0-301F-11D3-BF4B-00C04F79EFBC}") = "AdressesUtility", "AdressesUtility\AdressesUtility.csproj", "{0C44594F-7A28-4980-914F-D65BA89B2030}"
EndProject
Project("{FAE04EC0-301F-11D3-BF4B-00C04F79EFBC}") = "ExcelUtil", "..\WinExcelUtil\ExcelUtil\ExcelUtil.csproj", "{8AA5D046-8C2D-4F55-ACDC-13154ED3EC0D}"
EndProject
Project("{FAE04EC0-301F-11D3-BF4B-00C04F79EFBC}") = "EncodingTools", "..\WinEncodingTools\EncodingTools\EncodingTools.csproj", "{CA19D4DE-B232-491A-92BF-7BF3A2758694}"
EndProject
Global
	GlobalSection(SolutionConfigurationPlatforms) = preSolution
		Debug|Any CPU = Debug|Any CPU
		Release|Any CPU = Release|Any CPU
	EndGlobalSection
	GlobalSection(ProjectConfigurationPlatforms) = postSolution
		{0C44594F-7A28-4980-914F-D65BA89B2030}.Debug|Any CPU.ActiveCfg = Debug|Any CPU
		{0C44594F-7A28-4980-914F-D65BA89B2030}.Debug|Any CPU.Build.0 = Debug|Any CPU
		{0C44594F-7A28-4980-914F-D65BA89B2030}.Release|Any CPU.ActiveCfg = Release|Any CPU
		{0C44594F-7A28-4980-914F-D65BA89B2030}.Release|Any CPU.Build.0 = Release|Any CPU
		{8AA5D046-8C2D-4F55-ACDC-13154ED3EC0D}.Debug|Any CPU.ActiveCfg = Debug|Any CPU
		{8AA5D046-8C2D-4F55-ACDC-13154ED3EC0D}.Debug|Any CPU.Build.0 = Debug|Any CPU
		{8AA5D046-8C2D-4F55-ACDC-13154ED3EC0D}.Release|Any CPU.ActiveCfg = Release|Any CPU
		{8AA5D046-8C2D-4F55-ACDC-13154ED3EC0D}.Release|Any CPU.Build.0 = Release|Any CPU
		{CA19D4DE-B232-491A-92BF-7BF3A2758694}.Debug|Any CPU.ActiveCfg = Debug|Any CPU
		{CA19D4DE-B232-491A-92BF-7BF3A2758694}.Debug|Any CPU.Build.0 = Debug|Any CPU
		{CA19D4DE-B232-491A-92BF-7BF3A2758694}.Release|Any CPU.ActiveCfg = Release|Any CPU
		{CA19D4DE-B232-491A-92BF-7BF3A2758694}.Release|Any CPU.Build.0 = Release|Any CPU
	EndGlobalSection
	GlobalSection(SolutionProperties) = preSolution
		HideSolutionNode = FALSE
	EndGlobalSection
	GlobalSection(ExtensibilityGlobals) = postSolution
		SolutionGuid = {C286EF6D-180D-4AE0-A142-7285DE6161A6}
	EndGlobalSection
EndGlobal
